{
    "version": 3,
    "terraform_version": "0.11.13",
    "serial": 42,
    "lineage": "1a27f731-9580-5bfb-3f05-6a34c1fa6a37",
    "modules": [
        {
            "path": [
                "root"
            ],
            "outputs": {},
            "resources": {},
            "depends_on": []
        },
        {
            "path": [
                "root",
                "ec2"
            ],
            "outputs": {},
            "resources": {
                "aws_instance.EndavaTalent_QA": {
                    "type": "aws_instance",
                    "depends_on": [
                        "data.aws_ami.ubuntu-18_04"
                    ],
                    "primary": {
                        "id": "i-085b61cb634711fb9",
                        "attributes": {
                            "ami": "ami-024a64a6685d05041",
                            "arn": "arn:aws:ec2:us-east-1:315251037468:instance/i-085b61cb634711fb9",
                            "associate_public_ip_address": "true",
                            "availability_zone": "us-east-1a",
                            "cpu_core_count": "1",
                            "cpu_threads_per_core": "2",
                            "credit_specification.#": "1",
                            "credit_specification.0.cpu_credits": "unlimited",
                            "disable_api_termination": "false",
                            "ebs_block_device.#": "0",
                            "ebs_optimized": "false",
                            "ephemeral_block_device.#": "0",
                            "get_password_data": "false",
                            "iam_instance_profile": "",
                            "id": "i-085b61cb634711fb9",
                            "instance_state": "running",
                            "instance_type": "t3.micro",
                            "ipv6_address_count": "0",
                            "ipv6_addresses.#": "0",
                            "key_name": "EndavaTalentQA",
                            "monitoring": "false",
                            "network_interface.#": "0",
                            "password_data": "",
                            "placement_group": "",
                            "primary_network_interface_id": "eni-03f60721f97fa0dd1",
                            "private_dns": "ip-10-0-1-44.ec2.internal",
                            "private_ip": "10.0.1.44",
                            "public_dns": "",
                            "public_ip": "18.234.247.192",
                            "root_block_device.#": "1",
                            "root_block_device.0.delete_on_termination": "true",
                            "root_block_device.0.iops": "100",
                            "root_block_device.0.volume_id": "vol-099532337ebd51153",
                            "root_block_device.0.volume_size": "8",
                            "root_block_device.0.volume_type": "gp2",
                            "security_groups.#": "0",
                            "source_dest_check": "true",
                            "subnet_id": "subnet-015c3c3687c273c3e",
                            "tags.%": "5",
                            "tags.Created_by": "Ivan Gonzalez",
                            "tags.Name": "EndavaTalent_QA",
                            "tags.Project_name": "Endava_Talent",
                            "tags.start": "start",
                            "tags.stop": "stop",
                            "tenancy": "default",
                            "user_data": "589bc9b68e3021b7d662932c4ea3634da0eebb9d",
                            "volume_tags.%": "0",
                            "vpc_security_group_ids.#": "1",
                            "vpc_security_group_ids.903485293": "sg-0d87dfc269ade7347"
                        },
                        "meta": {
                            "e2bfb730-ecaa-11e6-8f88-34363bc7c4c0": {
                                "create": 600000000000,
                                "delete": 1200000000000,
                                "update": 600000000000
                            },
                            "schema_version": "1"
                        },
                        "tainted": false
                    },
                    "deposed": [],
                    "provider": "provider.aws"
                },
                "data.aws_ami.ubuntu-18_04": {
                    "type": "aws_ami",
                    "depends_on": [],
                    "primary": {
                        "id": "ami-024a64a6685d05041",
                        "attributes": {
                            "architecture": "x86_64",
                            "block_device_mappings.#": "3",
                            "block_device_mappings.1634610537.device_name": "/dev/sdb",
                            "block_device_mappings.1634610537.ebs.%": "0",
                            "block_device_mappings.1634610537.no_device": "",
                            "block_device_mappings.1634610537.virtual_name": "ephemeral0",
                            "block_device_mappings.2547816212.device_name": "/dev/sda1",
                            "block_device_mappings.2547816212.ebs.%": "6",
                            "block_device_mappings.2547816212.ebs.delete_on_termination": "true",
                            "block_device_mappings.2547816212.ebs.encrypted": "false",
                            "block_device_mappings.2547816212.ebs.iops": "0",
                            "block_device_mappings.2547816212.ebs.snapshot_id": "snap-0a12f6d1ed6c1d55e",
                            "block_device_mappings.2547816212.ebs.volume_size": "8",
                            "block_device_mappings.2547816212.ebs.volume_type": "gp2",
                            "block_device_mappings.2547816212.no_device": "",
                            "block_device_mappings.2547816212.virtual_name": "",
                            "block_device_mappings.3850042718.device_name": "/dev/sdc",
                            "block_device_mappings.3850042718.ebs.%": "0",
                            "block_device_mappings.3850042718.no_device": "",
                            "block_device_mappings.3850042718.virtual_name": "ephemeral1",
                            "creation_date": "2019-05-15T09:15:52.000Z",
                            "description": "Canonical, Ubuntu, 18.04 LTS, amd64 bionic image build on 2019-05-14",
                            "filter.#": "1",
                            "filter.942818600.name": "name",
                            "filter.942818600.values.#": "1",
                            "filter.942818600.values.0": "ubuntu/images/hvm-ssd/ubuntu-bionic-18.04-amd64-server-*",
                            "hypervisor": "xen",
                            "id": "ami-024a64a6685d05041",
                            "image_id": "ami-024a64a6685d05041",
                            "image_location": "099720109477/ubuntu/images/hvm-ssd/ubuntu-bionic-18.04-amd64-server-20190514",
                            "image_type": "machine",
                            "most_recent": "true",
                            "name": "ubuntu/images/hvm-ssd/ubuntu-bionic-18.04-amd64-server-20190514",
                            "owner_id": "099720109477",
                            "owners.#": "1",
                            "owners.0": "099720109477",
                            "product_codes.#": "0",
                            "public": "true",
                            "root_device_name": "/dev/sda1",
                            "root_device_type": "ebs",
                            "root_snapshot_id": "snap-0a12f6d1ed6c1d55e",
                            "sriov_net_support": "simple",
                            "state": "available",
                            "state_reason.%": "2",
                            "state_reason.code": "UNSET",
                            "state_reason.message": "UNSET",
                            "tags.%": "0",
                            "virtualization_type": "hvm"
                        },
                        "meta": {},
                        "tainted": false
                    },
                    "deposed": [],
                    "provider": "provider.aws"
                }
            },
            "depends_on": []
        },
        {
            "path": [
                "root",
                "network"
            ],
            "outputs": {
                "EndavaTalent_QA_SG_id": {
                    "sensitive": false,
                    "type": "string",
                    "value": "sg-0d87dfc269ade7347"
                },
                "EndavaTalent_QA_Subnet_id": {
                    "sensitive": false,
                    "type": "string",
                    "value": "subnet-015c3c3687c273c3e"
                }
            },
            "resources": {
                "aws_internet_gateway.EndavaTalentQA_IG": {
                    "type": "aws_internet_gateway",
                    "depends_on": [
                        "aws_vpc.EndavaTalentQA_VPC"
                    ],
                    "primary": {
                        "id": "igw-012fe7f82d8b9f3fe",
                        "attributes": {
                            "id": "igw-012fe7f82d8b9f3fe",
                            "owner_id": "315251037468",
                            "tags.%": "5",
                            "tags.Created_by": "Ivan Gonzalez",
                            "tags.Name": "EndavaTalentQA_IG",
                            "tags.Project_name": "Endava_Talent",
                            "tags.start": "start",
                            "tags.stop": "stop",
                            "vpc_id": "vpc-014cb13c33172847a"
                        },
                        "meta": {},
                        "tainted": false
                    },
                    "deposed": [],
                    "provider": "provider.aws"
                },
                "aws_route_table.EndavaTalentQA_RT": {
                    "type": "aws_route_table",
                    "depends_on": [
                        "aws_internet_gateway.EndavaTalentQA_IG",
                        "aws_vpc.EndavaTalentQA_VPC"
                    ],
                    "primary": {
                        "id": "rtb-0c20678c5c9a9afd8",
                        "attributes": {
                            "id": "rtb-0c20678c5c9a9afd8",
                            "owner_id": "315251037468",
                            "propagating_vgws.#": "0",
                            "route.#": "1",
                            "route.799920967.cidr_block": "0.0.0.0/0",
                            "route.799920967.egress_only_gateway_id": "",
                            "route.799920967.gateway_id": "igw-012fe7f82d8b9f3fe",
                            "route.799920967.instance_id": "",
                            "route.799920967.ipv6_cidr_block": "",
                            "route.799920967.nat_gateway_id": "",
                            "route.799920967.network_interface_id": "",
                            "route.799920967.transit_gateway_id": "",
                            "route.799920967.vpc_peering_connection_id": "",
                            "tags.%": "5",
                            "tags.Created_by": "Ivan Gonzalez",
                            "tags.Name": "EndavaTalentQA_RT",
                            "tags.Project_name": "Endava_Talent",
                            "tags.start": "start",
                            "tags.stop": "stop",
                            "vpc_id": "vpc-014cb13c33172847a"
                        },
                        "meta": {},
                        "tainted": false
                    },
                    "deposed": [],
                    "provider": "provider.aws"
                },
                "aws_route_table_association.EndavaTalentQA_RTA": {
                    "type": "aws_route_table_association",
                    "depends_on": [
                        "aws_route_table.EndavaTalentQA_RT",
                        "aws_subnet.EndavaTalentQA_Subnet"
                    ],
                    "primary": {
                        "id": "rtbassoc-0f62ffe2621693510",
                        "attributes": {
                            "id": "rtbassoc-0f62ffe2621693510",
                            "route_table_id": "rtb-0c20678c5c9a9afd8",
                            "subnet_id": "subnet-015c3c3687c273c3e"
                        },
                        "meta": {},
                        "tainted": false
                    },
                    "deposed": [],
                    "provider": "provider.aws"
                },
                "aws_security_group.EndavaTalent_SG": {
                    "type": "aws_security_group",
                    "depends_on": [
                        "aws_vpc.EndavaTalentQA_VPC"
                    ],
                    "primary": {
                        "id": "sg-0d87dfc269ade7347",
                        "attributes": {
                            "arn": "arn:aws:ec2:us-east-1:315251037468:security-group/sg-0d87dfc269ade7347",
                            "description": "Endava Talent SG to control ingress ports mostly",
                            "egress.#": "1",
                            "egress.482069346.cidr_blocks.#": "1",
                            "egress.482069346.cidr_blocks.0": "0.0.0.0/0",
                            "egress.482069346.description": "",
                            "egress.482069346.from_port": "0",
                            "egress.482069346.ipv6_cidr_blocks.#": "0",
                            "egress.482069346.prefix_list_ids.#": "0",
                            "egress.482069346.protocol": "-1",
                            "egress.482069346.security_groups.#": "0",
                            "egress.482069346.self": "false",
                            "egress.482069346.to_port": "0",
                            "id": "sg-0d87dfc269ade7347",
                            "ingress.#": "4",
                            "ingress.1994621032.cidr_blocks.#": "1",
                            "ingress.1994621032.cidr_blocks.0": "0.0.0.0/0",
                            "ingress.1994621032.description": "",
                            "ingress.1994621032.from_port": "3000",
                            "ingress.1994621032.ipv6_cidr_blocks.#": "0",
                            "ingress.1994621032.prefix_list_ids.#": "0",
                            "ingress.1994621032.protocol": "tcp",
                            "ingress.1994621032.security_groups.#": "0",
                            "ingress.1994621032.self": "false",
                            "ingress.1994621032.to_port": "3000",
                            "ingress.2541437006.cidr_blocks.#": "1",
                            "ingress.2541437006.cidr_blocks.0": "0.0.0.0/0",
                            "ingress.2541437006.description": "",
                            "ingress.2541437006.from_port": "22",
                            "ingress.2541437006.ipv6_cidr_blocks.#": "0",
                            "ingress.2541437006.prefix_list_ids.#": "0",
                            "ingress.2541437006.protocol": "tcp",
                            "ingress.2541437006.security_groups.#": "0",
                            "ingress.2541437006.self": "false",
                            "ingress.2541437006.to_port": "22",
                            "ingress.4194454514.cidr_blocks.#": "1",
                            "ingress.4194454514.cidr_blocks.0": "0.0.0.0/0",
                            "ingress.4194454514.description": "",
                            "ingress.4194454514.from_port": "6200",
                            "ingress.4194454514.ipv6_cidr_blocks.#": "0",
                            "ingress.4194454514.prefix_list_ids.#": "0",
                            "ingress.4194454514.protocol": "tcp",
                            "ingress.4194454514.security_groups.#": "0",
                            "ingress.4194454514.self": "false",
                            "ingress.4194454514.to_port": "6200",
                            "ingress.599641889.cidr_blocks.#": "1",
                            "ingress.599641889.cidr_blocks.0": "0.0.0.0/0",
                            "ingress.599641889.description": "",
                            "ingress.599641889.from_port": "27017",
                            "ingress.599641889.ipv6_cidr_blocks.#": "0",
                            "ingress.599641889.prefix_list_ids.#": "0",
                            "ingress.599641889.protocol": "tcp",
                            "ingress.599641889.security_groups.#": "0",
                            "ingress.599641889.self": "false",
                            "ingress.599641889.to_port": "27017",
                            "name": "EndavaTalent_SG",
                            "owner_id": "315251037468",
                            "revoke_rules_on_delete": "false",
                            "tags.%": "5",
                            "tags.Created_by": "Ivan Gonzalez",
                            "tags.Name": "EndavaTalent_SG",
                            "tags.Project_name": "Endava_Talent",
                            "tags.start": "start",
                            "tags.stop": "stop",
                            "vpc_id": "vpc-014cb13c33172847a"
                        },
                        "meta": {
                            "e2bfb730-ecaa-11e6-8f88-34363bc7c4c0": {
                                "create": 600000000000,
                                "delete": 600000000000
                            },
                            "schema_version": "1"
                        },
                        "tainted": false
                    },
                    "deposed": [],
                    "provider": "provider.aws"
                },
                "aws_subnet.EndavaTalentQA_Subnet": {
                    "type": "aws_subnet",
                    "depends_on": [
                        "aws_vpc.EndavaTalentQA_VPC"
                    ],
                    "primary": {
                        "id": "subnet-015c3c3687c273c3e",
                        "attributes": {
                            "arn": "arn:aws:ec2:us-east-1:315251037468:subnet/subnet-015c3c3687c273c3e",
                            "assign_ipv6_address_on_creation": "false",
                            "availability_zone": "us-east-1a",
                            "availability_zone_id": "use1-az1",
                            "cidr_block": "10.0.1.0/24",
                            "id": "subnet-015c3c3687c273c3e",
                            "ipv6_cidr_block": "",
                            "ipv6_cidr_block_association_id": "",
                            "map_public_ip_on_launch": "false",
                            "owner_id": "315251037468",
                            "tags.%": "5",
                            "tags.Created_by": "Ivan Gonzalez",
                            "tags.Name": "EndavaTalentQA_Subnet",
                            "tags.Project_name": "Endava_Talent",
                            "tags.start": "start",
                            "tags.stop": "stop",
                            "vpc_id": "vpc-014cb13c33172847a"
                        },
                        "meta": {
                            "e2bfb730-ecaa-11e6-8f88-34363bc7c4c0": {
                                "create": 600000000000,
                                "delete": 600000000000
                            },
                            "schema_version": "1"
                        },
                        "tainted": false
                    },
                    "deposed": [],
                    "provider": "provider.aws"
                },
                "aws_vpc.EndavaTalentQA_VPC": {
                    "type": "aws_vpc",
                    "depends_on": [],
                    "primary": {
                        "id": "vpc-014cb13c33172847a",
                        "attributes": {
                            "arn": "arn:aws:ec2:us-east-1:315251037468:vpc/vpc-014cb13c33172847a",
                            "assign_generated_ipv6_cidr_block": "false",
                            "cidr_block": "10.0.0.0/16",
                            "default_network_acl_id": "acl-0f47e523bb2835448",
                            "default_route_table_id": "rtb-048adc0dffe56e6c8",
                            "default_security_group_id": "sg-03f0187c75a5a789f",
                            "dhcp_options_id": "dopt-79c5f502",
                            "enable_classiclink": "false",
                            "enable_classiclink_dns_support": "false",
                            "enable_dns_hostnames": "false",
                            "enable_dns_support": "true",
                            "id": "vpc-014cb13c33172847a",
                            "instance_tenancy": "default",
                            "ipv6_association_id": "",
                            "ipv6_cidr_block": "",
                            "main_route_table_id": "rtb-048adc0dffe56e6c8",
                            "owner_id": "315251037468",
                            "tags.%": "5",
                            "tags.Created_by": "Ivan Gonzalez",
                            "tags.Name": "EndavaTalentQA_VPC",
                            "tags.Project_name": "Endava_Talent",
                            "tags.start": "start",
                            "tags.stop": "stop"
                        },
                        "meta": {
                            "schema_version": "1"
                        },
                        "tainted": false
                    },
                    "deposed": [],
                    "provider": "provider.aws"
                }
            },
            "depends_on": []
        }
    ]
}
