{
    "version": 3,
    "terraform_version": "0.11.11",
    "serial": 4,
    "lineage": "c227a582-49bb-8e52-69e3-21a8177e052c",
    "modules": [
        {
            "path": [
                "root"
            ],
            "outputs": {},
            "resources": {},
            "depends_on": []
        },
        {
            "path": [
                "root",
                "network"
            ],
            "outputs": {},
            "resources": {
                "azurerm_resource_group.Endava_Talent_RG": {
                    "type": "azurerm_resource_group",
                    "depends_on": [],
                    "primary": {
                        "id": "/subscriptions/bd189782-334f-4553-bcea-1a34c22c80a8/resourceGroups/Endava_Talent_RG",
                        "attributes": {
                            "id": "/subscriptions/bd189782-334f-4553-bcea-1a34c22c80a8/resourceGroups/Endava_Talent_RG",
                            "location": "westus",
                            "name": "Endava_Talent_RG",
                            "tags.%": "0"
                        },
                        "meta": {},
                        "tainted": false
                    },
                    "deposed": [],
                    "provider": "provider.azurerm"
                },
                "azurerm_subnet.Endava_Talent_Frontend_Subnet": {
                    "type": "azurerm_subnet",
                    "depends_on": [
                        "azurerm_resource_group.Endava_Talent_RG",
                        "azurerm_virtual_network.Endava_Talent_VN"
                    ],
                    "primary": {
                        "id": "/subscriptions/bd189782-334f-4553-bcea-1a34c22c80a8/resourceGroups/Endava_Talent_RG/providers/Microsoft.Network/virtualNetworks/Endava_Talent_VN/subnets/Endava_Talent_Frontend_Subnet",
                        "attributes": {
                            "address_prefix": "10.0.1.0/24",
                            "delegation.#": "0",
                            "id": "/subscriptions/bd189782-334f-4553-bcea-1a34c22c80a8/resourceGroups/Endava_Talent_RG/providers/Microsoft.Network/virtualNetworks/Endava_Talent_VN/subnets/Endava_Talent_Frontend_Subnet",
                            "ip_configurations.#": "0",
                            "name": "Endava_Talent_Frontend_Subnet",
                            "network_security_group_id": "",
                            "resource_group_name": "Endava_Talent_RG",
                            "route_table_id": "",
                            "service_endpoints.#": "0",
                            "virtual_network_name": "Endava_Talent_VN"
                        },
                        "meta": {},
                        "tainted": false
                    },
                    "deposed": [],
                    "provider": "provider.azurerm"
                },
                "azurerm_virtual_network.Endava_Talent_VN": {
                    "type": "azurerm_virtual_network",
                    "depends_on": [
                        "azurerm_resource_group.Endava_Talent_RG"
                    ],
                    "primary": {
                        "id": "/subscriptions/bd189782-334f-4553-bcea-1a34c22c80a8/resourceGroups/Endava_Talent_RG/providers/Microsoft.Network/virtualNetworks/Endava_Talent_VN",
                        "attributes": {
                            "address_space.#": "1",
                            "address_space.0": "10.0.0.0/16",
                            "ddos_protection_plan.#": "0",
                            "dns_servers.#": "0",
                            "id": "/subscriptions/bd189782-334f-4553-bcea-1a34c22c80a8/resourceGroups/Endava_Talent_RG/providers/Microsoft.Network/virtualNetworks/Endava_Talent_VN",
                            "location": "westus",
                            "name": "Endava_Talent_VN",
                            "resource_group_name": "Endava_Talent_RG",
                            "subnet.#": "0",
                            "tags.%": "0"
                        },
                        "meta": {},
                        "tainted": false
                    },
                    "deposed": [],
                    "provider": "provider.azurerm"
                }
            },
            "depends_on": []
        }
    ]
}
